
Microsoft Visual Studio Solution File, Format Version 12.00
# Visual Studio 15
VisualStudioVersion = 15.0.28010.2041
MinimumVisualStudioVersion = 10.0.40219.1
Project("{FAE04EC0-301F-11D3-BF4B-00C04F79EFBC}") = "Framework.IO", "Framework.IO\Framework.IO.csproj", "{DF69BA2A-A4B7-446F-9AEE-D06F1F0A0D48}"
EndProject
Global
	GlobalSection(SolutionConfigurationPlatforms) = preSolution
		Debug|Any CPU = Debug|Any CPU
		Release|Any CPU = Release|Any CPU
	EndGlobalSection
	GlobalSection(ProjectConfigurationPlatforms) = postSolution
		{DF69BA2A-A4B7-446F-9AEE-D06F1F0A0D48}.Debug|Any CPU.ActiveCfg = Debug|Any CPU
		{DF69BA2A-A4B7-446F-9AEE-D06F1F0A0D48}.Debug|Any CPU.Build.0 = Debug|Any CPU
		{DF69BA2A-A4B7-446F-9AEE-D06F1F0A0D48}.Release|Any CPU.ActiveCfg = Release|Any CPU
		{DF69BA2A-A4B7-446F-9AEE-D06F1F0A0D48}.Release|Any CPU.Build.0 = Release|Any CPU
	EndGlobalSection
	GlobalSection(SolutionProperties) = preSolution
		HideSolutionNode = FALSE
	EndGlobalSection
	GlobalSection(ExtensibilityGlobals) = postSolution
		SolutionGuid = {6DA86C39-BEBA-4FE3-962A-17F79DCA8F3A}
	EndGlobalSection
EndGlobal
